# This file is automatically @generated by Cargo.
# It is not intended for manual editing.
version = 3

[[package]]
name = "addr2line"
version = "0.19.0"
source = "registry+https://github.com/rust-lang/crates.io-index"
checksum = "a76fd60b23679b7d19bd066031410fb7e458ccc5e958eb5c325888ce4baedc97"
dependencies = [
 "gimli",
]

[[package]]
name = "adler"
version = "1.0.2"
source = "registry+https://github.com/rust-lang/crates.io-index"
checksum = "f26201604c87b1e01bd3d98f8d5d9a8fcbb815e8cedb41ffccbeb4bf593a35fe"

[[package]]
name = "aho-corasick"
version = "0.7.18"
source = "registry+https://github.com/rust-lang/crates.io-index"
checksum = "1e37cfd5e7657ada45f742d6e99ca5788580b5c529dc78faf11ece6dc702656f"
dependencies = [
 "memchr",
]

[[package]]
name = "anstream"
version = "0.6.1"
source = "registry+https://github.com/rust-lang/crates.io-index"
checksum = "f6cd65a4b849ace0b7f6daeebcc1a1d111282227ca745458c61dbf670e52a597"
dependencies = [
 "anstyle",
 "anstyle-parse",
 "anstyle-query",
 "anstyle-wincon",
 "colorchoice",
 "utf8parse",
]

[[package]]
name = "anstyle"
version = "1.0.0"
source = "registry+https://github.com/rust-lang/crates.io-index"
checksum = "41ed9a86bf92ae6580e0a31281f65a1b1d867c0cc68d5346e2ae128dddfa6a7d"

[[package]]
name = "anstyle-parse"
version = "0.2.0"
source = "registry+https://github.com/rust-lang/crates.io-index"
checksum = "e765fd216e48e067936442276d1d57399e37bce53c264d6fefbe298080cb57ee"
dependencies = [
 "utf8parse",
]

[[package]]
name = "anstyle-query"
version = "1.0.0"
source = "registry+https://github.com/rust-lang/crates.io-index"
checksum = "5ca11d4be1bab0c8bc8734a9aa7bf4ee8316d462a08c6ac5052f888fef5b494b"
dependencies = [
 "windows-sys 0.48.0",
]

[[package]]
name = "anstyle-wincon"
version = "3.0.0"
source = "registry+https://github.com/rust-lang/crates.io-index"
checksum = "0238ca56c96dfa37bdf7c373c8886dd591322500aceeeccdb2216fe06dc2f796"
dependencies = [
 "anstyle",
 "windows-sys 0.48.0",
]

[[package]]
name = "autocfg"
version = "1.1.0"
source = "registry+https://github.com/rust-lang/crates.io-index"
checksum = "d468802bab17cbc0cc575e9b053f41e72aa36bfa6b7f55e3529ffa43161b97fa"

[[package]]
name = "aws-config"
version = "0.101.0"
source = "registry+https://github.com/rust-lang/crates.io-index"
checksum = "84f9625b71b3ee4adbfbca369c6680d156e316ed86d2c7199a2a134563917414"
dependencies = [
 "aws-credential-types 0.101.0",
 "aws-http 0.59.0",
 "aws-runtime 0.101.0",
 "aws-sdk-sso",
 "aws-sdk-ssooidc",
 "aws-sdk-sts",
 "aws-smithy-async 0.101.0",
 "aws-smithy-http 0.59.0",
 "aws-smithy-json 0.59.0",
 "aws-smithy-runtime 0.101.0",
 "aws-smithy-runtime-api 0.101.0",
 "aws-smithy-types 0.101.0",
 "aws-types 0.101.0",
 "bytes",
 "fastrand",
 "hex",
 "http",
 "hyper",
 "ring 0.17.5",
 "time",
 "tokio",
 "tracing",
 "zeroize",
]

[[package]]
name = "aws-credential-types"
version = "0.101.0"
source = "registry+https://github.com/rust-lang/crates.io-index"
checksum = "5924466398ac76ffd411d297b9d516dcebb0577f7344c0c15fd8e8e04d9c7895"
dependencies = [
 "aws-smithy-async 0.101.0",
 "aws-smithy-runtime-api 0.101.0",
 "aws-smithy-types 0.101.0",
 "zeroize",
]

[[package]]
name = "aws-credential-types"
version = "1.0.0"
source = "registry+https://github.com/rust-lang/crates.io-index"
checksum = "e6dec6f3d42983be70a113f999476185e124884f43f4d60129c7157aede7bda1"
dependencies = [
 "aws-smithy-async 1.0.0",
 "aws-smithy-runtime-api 1.0.0",
 "aws-smithy-types 1.0.0",
 "zeroize",
]

[[package]]
name = "aws-http"
version = "0.59.0"
source = "registry+https://github.com/rust-lang/crates.io-index"
checksum = "bb9a3aa335a105a00975c971f1dad403c3175f2a210d98f39345c6af53923912"
dependencies = [
 "aws-smithy-runtime-api 0.101.0",
 "aws-smithy-types 0.101.0",
 "aws-types 0.101.0",
 "bytes",
 "http",
 "http-body",
 "pin-project-lite",
 "tracing",
]

[[package]]
name = "aws-http"
version = "0.60.0"
source = "registry+https://github.com/rust-lang/crates.io-index"
checksum = "361c4310fdce94328cc2d1ca0c8a48c13f43009c61d3367585685a50ca8c66b6"
dependencies = [
 "aws-smithy-runtime-api 1.0.0",
 "aws-smithy-types 1.0.0",
 "aws-types 1.0.0",
 "bytes",
 "http",
 "http-body",
 "pin-project-lite",
 "tracing",
]

[[package]]
name = "aws-runtime"
version = "0.101.0"
source = "registry+https://github.com/rust-lang/crates.io-index"
checksum = "b75844ecbdf3dc5e0f5ac5fd1088fb1623849990ea9445d2826258ce63be4de5"
dependencies = [
 "aws-credential-types 0.101.0",
 "aws-http 0.59.0",
 "aws-sigv4 0.101.0",
 "aws-smithy-async 0.101.0",
 "aws-smithy-http 0.59.0",
 "aws-smithy-runtime-api 0.101.0",
 "aws-smithy-types 0.101.0",
 "aws-types 0.101.0",
 "fastrand",
 "http",
 "percent-encoding",
 "tracing",
 "uuid",
]

[[package]]
name = "aws-runtime"
version = "1.0.0"
source = "registry+https://github.com/rust-lang/crates.io-index"
checksum = "36ba3ad97d674bfaeed684d528a07cee6e81cbf16e6d6c7e272a130b5e71e6b9"
dependencies = [
 "aws-credential-types 1.0.0",
 "aws-http 0.60.0",
 "aws-sigv4 1.0.0",
 "aws-smithy-async 1.0.0",
 "aws-smithy-http 0.60.0",
 "aws-smithy-runtime-api 1.0.0",
 "aws-smithy-types 1.0.0",
 "aws-types 1.0.0",
 "fastrand",
 "http",
 "percent-encoding",
 "tracing",
 "uuid",
]

[[package]]
name = "aws-sdk-ssm"
version = "0.39.0"
source = "registry+https://github.com/rust-lang/crates.io-index"
checksum = "48fe4c329bee3a1b65f801a90e9d65548b35934ca5398ab2303b813ba14ad676"
dependencies = [
 "aws-credential-types 1.0.0",
 "aws-http 0.60.0",
 "aws-runtime 1.0.0",
 "aws-smithy-async 1.0.0",
 "aws-smithy-http 0.60.0",
 "aws-smithy-json 0.60.0",
 "aws-smithy-runtime 1.0.0",
 "aws-smithy-runtime-api 1.0.0",
 "aws-smithy-types 1.0.0",
 "aws-types 1.0.0",
 "bytes",
 "fastrand",
 "http",
 "regex",
 "tracing",
]

[[package]]
name = "aws-sdk-sso"
version = "0.38.0"
source = "registry+https://github.com/rust-lang/crates.io-index"
checksum = "c870aa95e1e85f837f74af2cc937b3f8e72e2315a89e524265875843655b4d47"
dependencies = [
 "aws-credential-types 0.101.0",
 "aws-http 0.59.0",
 "aws-runtime 0.101.0",
 "aws-smithy-async 0.101.0",
 "aws-smithy-http 0.59.0",
 "aws-smithy-json 0.59.0",
 "aws-smithy-runtime 0.101.0",
 "aws-smithy-runtime-api 0.101.0",
 "aws-smithy-types 0.101.0",
 "aws-types 0.101.0",
 "bytes",
 "http",
 "regex",
 "tracing",
]

[[package]]
name = "aws-sdk-ssooidc"
version = "0.38.0"
source = "registry+https://github.com/rust-lang/crates.io-index"
checksum = "107ee812e46f9120e68d48bf985d2f2a538315bd8be8a3e54db619250cc4c95e"
dependencies = [
 "aws-credential-types 0.101.0",
 "aws-http 0.59.0",
 "aws-runtime 0.101.0",
 "aws-smithy-async 0.101.0",
 "aws-smithy-http 0.59.0",
 "aws-smithy-json 0.59.0",
 "aws-smithy-runtime 0.101.0",
 "aws-smithy-runtime-api 0.101.0",
 "aws-smithy-types 0.101.0",
 "aws-types 0.101.0",
 "bytes",
 "http",
 "regex",
 "tracing",
]

[[package]]
name = "aws-sdk-sts"
version = "0.38.0"
source = "registry+https://github.com/rust-lang/crates.io-index"
checksum = "a4e3958c43a78f6c3822e62009a35802af5cc7c120fbe8e60b98565604569aae"
dependencies = [
 "aws-credential-types 0.101.0",
 "aws-http 0.59.0",
 "aws-runtime 0.101.0",
 "aws-smithy-async 0.101.0",
 "aws-smithy-http 0.59.0",
 "aws-smithy-json 0.59.0",
 "aws-smithy-query",
 "aws-smithy-runtime 0.101.0",
 "aws-smithy-runtime-api 0.101.0",
 "aws-smithy-types 0.101.0",
 "aws-smithy-xml",
 "aws-types 0.101.0",
 "http",
 "regex",
 "tracing",
]

[[package]]
name = "aws-sigv4"
version = "0.101.0"
source = "registry+https://github.com/rust-lang/crates.io-index"
checksum = "06130e3686db3c5ae2fc44b3516fffe6b4d4eccebe09bd8ccc4067f3c9c183fb"
dependencies = [
 "aws-credential-types 0.101.0",
 "aws-smithy-http 0.59.0",
 "aws-smithy-runtime-api 0.101.0",
 "aws-smithy-types 0.101.0",
 "bytes",
 "form_urlencoded",
 "hex",
 "hmac",
 "http",
 "once_cell",
 "percent-encoding",
 "regex",
 "sha2",
 "time",
 "tracing",
]

[[package]]
name = "aws-sigv4"
version = "1.0.0"
source = "registry+https://github.com/rust-lang/crates.io-index"
checksum = "b4d07e2f2fc32acb7423d054ec8ba2b361dafc95fabc5a211baf4a566571d20e"
dependencies = [
 "aws-credential-types 1.0.0",
 "aws-smithy-http 0.60.0",
 "aws-smithy-runtime-api 1.0.0",
 "aws-smithy-types 1.0.0",
 "bytes",
 "form_urlencoded",
 "hex",
 "hmac",
 "http",
 "once_cell",
 "percent-encoding",
 "regex",
 "sha2",
 "time",
 "tracing",
]

[[package]]
name = "aws-smithy-async"
version = "0.101.0"
source = "registry+https://github.com/rust-lang/crates.io-index"
checksum = "d787b7e07925b450bed90d9d29ac8e57006c9c2ac907151d175ac0e376bfee0e"
dependencies = [
 "futures-util",
 "pin-project-lite",
 "tokio",
]

[[package]]
name = "aws-smithy-async"
version = "1.0.0"
source = "registry+https://github.com/rust-lang/crates.io-index"
checksum = "133965d3038e4b79be8ceb7e0ccae2144ddf7b2abff5827d24dc451d559c56b9"
dependencies = [
 "futures-util",
 "pin-project-lite",
 "tokio",
]

[[package]]
name = "aws-smithy-http"
version = "0.59.0"
source = "registry+https://github.com/rust-lang/crates.io-index"
checksum = "96daaad925331c72449423574fdc72b54af780d5a23ace3c0a6ad0ccbf378715"
dependencies = [
 "aws-smithy-runtime-api 0.101.0",
 "aws-smithy-types 0.101.0",
 "bytes",
 "bytes-utils",
 "futures-core",
 "http",
 "http-body",
 "once_cell",
 "percent-encoding",
 "pin-project-lite",
 "pin-utils",
 "tracing",
]

[[package]]
name = "aws-smithy-http"
version = "0.60.0"
source = "registry+https://github.com/rust-lang/crates.io-index"
checksum = "5b1de8aee22f67de467b2e3d0dd0fb30859dc53f579a63bd5381766b987db644"
dependencies = [
 "aws-smithy-runtime-api 1.0.0",
 "aws-smithy-types 1.0.0",
 "bytes",
 "bytes-utils",
 "futures-core",
 "http",
 "http-body",
 "once_cell",
 "percent-encoding",
 "pin-project-lite",
 "pin-utils",
 "tracing",
]

[[package]]
name = "aws-smithy-json"
version = "0.59.0"
source = "registry+https://github.com/rust-lang/crates.io-index"
checksum = "0ff985bee3fe21046dc501fadc1d04a1161977c55a0cbbccd9b111c18206aa64"
dependencies = [
 "aws-smithy-types 0.101.0",
]

[[package]]
name = "aws-smithy-json"
version = "0.60.0"
source = "registry+https://github.com/rust-lang/crates.io-index"
checksum = "6a46dd338dc9576d6a6a5b5a19bd678dcad018ececee11cf28ecd7588bd1a55c"
dependencies = [
 "aws-smithy-types 1.0.0",
]

[[package]]
name = "aws-smithy-query"
version = "0.59.0"
source = "registry+https://github.com/rust-lang/crates.io-index"
checksum = "cb4006503693766d34717efc5f58325062845fce26a683a71b70f23156d72e67"
dependencies = [
 "aws-smithy-types 0.101.0",
 "urlencoding",
]

[[package]]
name = "aws-smithy-runtime"
version = "0.101.0"
source = "registry+https://github.com/rust-lang/crates.io-index"
checksum = "d28af854558601b4202a4273b9720aebe43d73e472143e6056f16e3bd90bc837"
dependencies = [
 "aws-smithy-async 0.101.0",
 "aws-smithy-http 0.59.0",
 "aws-smithy-runtime-api 0.101.0",
 "aws-smithy-types 0.101.0",
 "bytes",
 "fastrand",
 "http",
 "http-body",
 "hyper",
 "hyper-rustls",
 "once_cell",
 "pin-project-lite",
 "pin-utils",
 "rustls",
 "tokio",
 "tracing",
]

[[package]]
name = "aws-smithy-runtime"
version = "1.0.0"
source = "registry+https://github.com/rust-lang/crates.io-index"
checksum = "2dac9354849acb0ce5f64f97321d1ca7703336542630b2e91bd3fcddbf1719a3"
dependencies = [
 "aws-smithy-async 1.0.0",
 "aws-smithy-http 0.60.0",
 "aws-smithy-runtime-api 1.0.0",
 "aws-smithy-types 1.0.0",
 "bytes",
 "fastrand",
 "http",
 "http-body",
 "hyper",
 "hyper-rustls",
 "once_cell",
 "pin-project-lite",
 "pin-utils",
 "rustls",
 "tokio",
 "tracing",
]

[[package]]
name = "aws-smithy-runtime-api"
version = "0.101.0"
source = "registry+https://github.com/rust-lang/crates.io-index"
checksum = "e1c68e17e754b86da350b43add38294189121a880e9c3fb454f83ff7044f5257"
dependencies = [
 "aws-smithy-async 0.101.0",
 "aws-smithy-types 0.101.0",
 "bytes",
 "http",
 "pin-project-lite",
 "tokio",
 "tracing",
 "zeroize",
]

[[package]]
name = "aws-smithy-runtime-api"
version = "1.0.0"
source = "registry+https://github.com/rust-lang/crates.io-index"
checksum = "f8d85925920c037d30cfdd4cd93680e94c66671fd88083f9a96cb7bb456ef021"
dependencies = [
 "aws-smithy-async 1.0.0",
 "aws-smithy-types 1.0.0",
 "bytes",
 "http",
 "pin-project-lite",
 "tokio",
 "tracing",
]

[[package]]
name = "aws-smithy-types"
version = "0.101.0"
source = "registry+https://github.com/rust-lang/crates.io-index"
checksum = "d97b978d8a351ea5744206ecc643a1d3806628680e9f151b4d6b7a76fec1596f"
dependencies = [
 "base64-simd",
 "bytes",
 "bytes-utils",
 "futures-core",
 "http",
 "http-body",
 "itoa",
 "num-integer",
 "pin-project-lite",
 "pin-utils",
 "ryu",
 "serde",
 "time",
]

[[package]]
name = "aws-smithy-types"
version = "1.0.0"
source = "registry+https://github.com/rust-lang/crates.io-index"
checksum = "91c44684ec45e4ca6f535912885e18e6f7e88c873802cc115a6fb54aebed80f2"
dependencies = [
 "base64-simd",
 "bytes",
 "bytes-utils",
 "futures-core",
 "http",
 "http-body",
 "itoa",
 "num-integer",
 "pin-project-lite",
 "pin-utils",
 "ryu",
 "serde",
 "time",
 "tokio",
 "tokio-util",
]

[[package]]
name = "aws-smithy-xml"
version = "0.59.0"
source = "registry+https://github.com/rust-lang/crates.io-index"
checksum = "97500a0d0884b9576e65076075f81d899cfbb84f7db5ca1dd317f0582204e528"
dependencies = [
 "xmlparser",
]

[[package]]
name = "aws-types"
version = "0.101.0"
source = "registry+https://github.com/rust-lang/crates.io-index"
checksum = "61065f0c6070cb0f9aaddfa614605fb1049908481da71ba5b39b2ffca12f57e4"
dependencies = [
 "aws-credential-types 0.101.0",
 "aws-smithy-async 0.101.0",
 "aws-smithy-runtime-api 0.101.0",
 "aws-smithy-types 0.101.0",
 "http",
 "rustc_version",
 "tracing",
]

[[package]]
name = "aws-types"
version = "1.0.0"
source = "registry+https://github.com/rust-lang/crates.io-index"
checksum = "b18c0eb301cce69298555c4884795497c67b3bd511aa3f07470382f4bf3ef043"
dependencies = [
 "aws-credential-types 1.0.0",
 "aws-smithy-async 1.0.0",
 "aws-smithy-runtime-api 1.0.0",
 "aws-smithy-types 1.0.0",
 "http",
 "rustc_version",
 "tracing",
]

[[package]]
name = "backtrace"
version = "0.3.67"
source = "registry+https://github.com/rust-lang/crates.io-index"
checksum = "233d376d6d185f2a3093e58f283f60f880315b6c60075b01f36b3b85154564ca"
dependencies = [
 "addr2line",
 "cc",
 "cfg-if",
 "libc",
 "miniz_oxide",
 "object",
 "rustc-demangle",
]

[[package]]
name = "base64"
version = "0.13.0"
source = "registry+https://github.com/rust-lang/crates.io-index"
checksum = "904dfeac50f3cdaba28fc6f57fdcddb75f49ed61346676a78c4ffe55877802fd"

[[package]]
name = "base64-simd"
version = "0.8.0"
source = "registry+https://github.com/rust-lang/crates.io-index"
checksum = "339abbe78e73178762e23bea9dfd08e697eb3f3301cd4be981c0f78ba5859195"
dependencies = [
 "outref",
 "vsimd",
]

[[package]]
name = "bitflags"
version = "1.3.2"
source = "registry+https://github.com/rust-lang/crates.io-index"
checksum = "bef38d45163c2f1dde094a7dfd33ccf595c92905c8f8f4fdc18d06fb1037718a"

[[package]]
name = "block-buffer"
version = "0.10.3"
source = "registry+https://github.com/rust-lang/crates.io-index"
checksum = "69cce20737498f97b993470a6e536b8523f0af7892a4f928cceb1ac5e52ebe7e"
dependencies = [
 "generic-array",
]

[[package]]
name = "bumpalo"
version = "3.12.0"
source = "registry+https://github.com/rust-lang/crates.io-index"
checksum = "0d261e256854913907f67ed06efbc3338dfe6179796deefc1ff763fc1aee5535"

[[package]]
name = "bytes"
version = "1.1.0"
source = "registry+https://github.com/rust-lang/crates.io-index"
checksum = "c4872d67bab6358e59559027aa3b9157c53d9358c51423c17554809a8858e0f8"

[[package]]
name = "bytes-utils"
version = "0.1.2"
source = "registry+https://github.com/rust-lang/crates.io-index"
checksum = "1934a3ef9cac8efde4966a92781e77713e1ba329f1d42e446c7d7eba340d8ef1"
dependencies = [
 "bytes",
 "either",
]

[[package]]
name = "cargo-husky"
version = "1.5.0"
source = "registry+https://github.com/rust-lang/crates.io-index"
checksum = "7b02b629252fe8ef6460461409564e2c21d0c8e77e0944f3d189ff06c4e932ad"

[[package]]
name = "cc"
version = "1.0.83"
source = "registry+https://github.com/rust-lang/crates.io-index"
checksum = "f1174fb0b6ec23863f8b971027804a42614e347eafb0a95bf0b12cdae21fc4d0"
dependencies = [
 "libc",
]

[[package]]
name = "cfg-if"
version = "1.0.0"
source = "registry+https://github.com/rust-lang/crates.io-index"
checksum = "baf1de4339761588bc0619e3cbc0120ee582ebb74b53b4efbf79117bd2da40fd"

[[package]]
name = "clap"
version = "4.4.14"
source = "registry+https://github.com/rust-lang/crates.io-index"
checksum = "33e92c5c1a78c62968ec57dbc2440366a2d6e5a23faf829970ff1585dc6b18e2"
dependencies = [
 "clap_builder",
]

[[package]]
name = "clap_builder"
version = "4.4.14"
source = "registry+https://github.com/rust-lang/crates.io-index"
checksum = "f4323769dc8a61e2c39ad7dc26f6f2800524691a44d74fe3d1071a5c24db6370"
dependencies = [
 "anstream",
 "anstyle",
 "clap_lex",
 "strsim",
]

[[package]]
name = "clap_lex"
version = "0.6.0"
source = "registry+https://github.com/rust-lang/crates.io-index"
checksum = "702fc72eb24e5a1e48ce58027a675bc24edd52096d5397d4aea7c6dd9eca0bd1"

[[package]]
name = "colorchoice"
version = "1.0.0"
source = "registry+https://github.com/rust-lang/crates.io-index"
checksum = "acbf1af155f9b9ef647e42cdc158db4b64a1b61f743629225fde6f3e0be2a7c7"

[[package]]
name = "core-foundation"
version = "0.9.3"
source = "registry+https://github.com/rust-lang/crates.io-index"
checksum = "194a7a9e6de53fa55116934067c844d9d749312f75c6f6d0980e8c252f8c2146"
dependencies = [
 "core-foundation-sys",
 "libc",
]

[[package]]
name = "core-foundation-sys"
version = "0.8.3"
source = "registry+https://github.com/rust-lang/crates.io-index"
checksum = "5827cebf4670468b8772dd191856768aedcb1b0278a04f989f7766351917b9dc"

[[package]]
name = "cpufeatures"
version = "0.2.5"
source = "registry+https://github.com/rust-lang/crates.io-index"
checksum = "28d997bd5e24a5928dd43e46dc529867e207907fe0b239c3477d924f7f2ca320"
dependencies = [
 "libc",
]

[[package]]
name = "crypto-common"
version = "0.1.6"
source = "registry+https://github.com/rust-lang/crates.io-index"
checksum = "1bfb12502f3fc46cca1bb51ac28df9d618d813cdc3d2f25b9fe775a34af26bb3"
dependencies = [
 "generic-array",
 "typenum",
]

[[package]]
name = "digest"
version = "0.10.6"
source = "registry+https://github.com/rust-lang/crates.io-index"
checksum = "8168378f4e5023e7218c89c891c0fd8ecdb5e5e4f18cb78f38cf245dd021e76f"
dependencies = [
 "block-buffer",
 "crypto-common",
 "subtle",
]

[[package]]
name = "either"
version = "1.7.0"
source = "registry+https://github.com/rust-lang/crates.io-index"
checksum = "3f107b87b6afc2a64fd13cac55fe06d6c8859f12d4b14cbcdd2c67d0976781be"

[[package]]
name = "fastrand"
version = "2.0.0"
source = "registry+https://github.com/rust-lang/crates.io-index"
checksum = "6999dc1837253364c2ebb0704ba97994bd874e8f195d665c50b7548f6ea92764"

[[package]]
name = "fnv"
version = "1.0.7"
source = "registry+https://github.com/rust-lang/crates.io-index"
checksum = "3f9eec918d3f24069decb9af1554cad7c880e2da24a9afd88aca000531ab82c1"

[[package]]
name = "form_urlencoded"
version = "1.1.0"
source = "registry+https://github.com/rust-lang/crates.io-index"
checksum = "a9c384f161156f5260c24a097c56119f9be8c798586aecc13afbcbe7b7e26bf8"
dependencies = [
 "percent-encoding",
]

[[package]]
name = "futures-channel"
version = "0.3.21"
source = "registry+https://github.com/rust-lang/crates.io-index"
checksum = "c3083ce4b914124575708913bca19bfe887522d6e2e6d0952943f5eac4a74010"
dependencies = [
 "futures-core",
]

[[package]]
name = "futures-core"
version = "0.3.21"
source = "registry+https://github.com/rust-lang/crates.io-index"
checksum = "0c09fd04b7e4073ac7156a9539b57a484a8ea920f79c7c675d05d289ab6110d3"

[[package]]
name = "futures-macro"
version = "0.3.21"
source = "registry+https://github.com/rust-lang/crates.io-index"
checksum = "33c1e13800337f4d4d7a316bf45a567dbcb6ffe087f16424852d97e97a91f512"
dependencies = [
 "proc-macro2",
 "quote",
 "syn 1.0.98",
]

[[package]]
name = "futures-sink"
version = "0.3.21"
source = "registry+https://github.com/rust-lang/crates.io-index"
checksum = "21163e139fa306126e6eedaf49ecdb4588f939600f0b1e770f4205ee4b7fa868"

[[package]]
name = "futures-task"
version = "0.3.21"
source = "registry+https://github.com/rust-lang/crates.io-index"
checksum = "57c66a976bf5909d801bbef33416c41372779507e7a6b3a5e25e4749c58f776a"

[[package]]
name = "futures-util"
version = "0.3.21"
source = "registry+https://github.com/rust-lang/crates.io-index"
checksum = "d8b7abd5d659d9b90c8cba917f6ec750a74e2dc23902ef9cd4cc8c8b22e6036a"
dependencies = [
 "futures-core",
 "futures-macro",
 "futures-task",
 "pin-project-lite",
 "pin-utils",
 "slab",
]

[[package]]
name = "generic-array"
version = "0.14.6"
source = "registry+https://github.com/rust-lang/crates.io-index"
checksum = "bff49e947297f3312447abdca79f45f4738097cc82b06e72054d2223f601f1b9"
dependencies = [
 "typenum",
 "version_check",
]

[[package]]
name = "getrandom"
version = "0.2.10"
source = "registry+https://github.com/rust-lang/crates.io-index"
checksum = "be4136b2a15dd319360be1c07d9933517ccf0be8f16bf62a3bee4f0d618df427"
dependencies = [
 "cfg-if",
 "libc",
 "wasi",
]

[[package]]
name = "gimli"
version = "0.27.3"
source = "registry+https://github.com/rust-lang/crates.io-index"
checksum = "b6c80984affa11d98d1b88b66ac8853f143217b399d3c74116778ff8fdb4ed2e"

[[package]]
name = "h2"
version = "0.3.17"
source = "registry+https://github.com/rust-lang/crates.io-index"
checksum = "66b91535aa35fea1523ad1b86cb6b53c28e0ae566ba4a460f4457e936cad7c6f"
dependencies = [
 "bytes",
 "fnv",
 "futures-core",
 "futures-sink",
 "futures-util",
 "http",
 "indexmap",
 "slab",
 "tokio",
 "tokio-util",
 "tracing",
]

[[package]]
name = "hashbrown"
version = "0.12.1"
source = "registry+https://github.com/rust-lang/crates.io-index"
checksum = "db0d4cf898abf0081f964436dc980e96670a0f36863e4b83aaacdb65c9d7ccc3"

[[package]]
name = "hermit-abi"
version = "0.1.19"
source = "registry+https://github.com/rust-lang/crates.io-index"
checksum = "62b467343b94ba476dcb2500d242dadbb39557df889310ac77c5d99100aaac33"
dependencies = [
 "libc",
]

[[package]]
name = "hex"
version = "0.4.3"
source = "registry+https://github.com/rust-lang/crates.io-index"
checksum = "7f24254aa9a54b5c858eaee2f5bccdb46aaf0e486a595ed5fd8f86ba55232a70"

[[package]]
name = "hmac"
version = "0.12.1"
source = "registry+https://github.com/rust-lang/crates.io-index"
checksum = "6c49c37c09c17a53d937dfbb742eb3a961d65a994e6bcdcf37e7399d0cc8ab5e"
dependencies = [
 "digest",
]

[[package]]
name = "http"
version = "0.2.9"
source = "registry+https://github.com/rust-lang/crates.io-index"
checksum = "bd6effc99afb63425aff9b05836f029929e345a6148a14b7ecd5ab67af944482"
dependencies = [
 "bytes",
 "fnv",
 "itoa",
]

[[package]]
name = "http-body"
version = "0.4.5"
source = "registry+https://github.com/rust-lang/crates.io-index"
checksum = "d5f38f16d184e36f2408a55281cd658ecbd3ca05cce6d6510a176eca393e26d1"
dependencies = [
 "bytes",
 "http",
 "pin-project-lite",
]

[[package]]
name = "httparse"
version = "1.8.0"
source = "registry+https://github.com/rust-lang/crates.io-index"
checksum = "d897f394bad6a705d5f4104762e116a75639e470d80901eed05a860a95cb1904"

[[package]]
name = "httpdate"
version = "1.0.2"
source = "registry+https://github.com/rust-lang/crates.io-index"
checksum = "c4a1e36c821dbe04574f602848a19f742f4fb3c98d40449f11bcad18d6b17421"

[[package]]
name = "hyper"
version = "0.14.27"
source = "registry+https://github.com/rust-lang/crates.io-index"
checksum = "ffb1cfd654a8219eaef89881fdb3bb3b1cdc5fa75ded05d6933b2b382e395468"
dependencies = [
 "bytes",
 "futures-channel",
 "futures-core",
 "futures-util",
 "h2",
 "http",
 "http-body",
 "httparse",
 "httpdate",
 "itoa",
 "pin-project-lite",
 "socket2 0.4.9",
 "tokio",
 "tower-service",
 "tracing",
 "want",
]

[[package]]
name = "hyper-rustls"
version = "0.24.1"
source = "registry+https://github.com/rust-lang/crates.io-index"
checksum = "8d78e1e73ec14cf7375674f74d7dde185c8206fd9dea6fb6295e8a98098aaa97"
dependencies = [
 "futures-util",
 "http",
 "hyper",
 "log",
 "rustls",
 "rustls-native-certs",
 "tokio",
 "tokio-rustls",
]

[[package]]
name = "indexmap"
version = "1.9.1"
source = "registry+https://github.com/rust-lang/crates.io-index"
checksum = "10a35a97730320ffe8e2d410b5d3b69279b98d2c14bdb8b70ea89ecf7888d41e"
dependencies = [
 "autocfg",
 "hashbrown",
]

[[package]]
name = "itoa"
version = "1.0.2"
source = "registry+https://github.com/rust-lang/crates.io-index"
checksum = "112c678d4050afce233f4f2852bb2eb519230b3cf12f33585275537d7e41578d"

[[package]]
name = "js-sys"
version = "0.3.58"
source = "registry+https://github.com/rust-lang/crates.io-index"
checksum = "c3fac17f7123a73ca62df411b1bf727ccc805daa070338fda671c86dac1bdc27"
dependencies = [
 "wasm-bindgen",
]

[[package]]
name = "lazy_static"
version = "1.4.0"
source = "registry+https://github.com/rust-lang/crates.io-index"
checksum = "e2abad23fbc42b3700f2f279844dc832adb2b2eb069b2df918f455c4e18cc646"

[[package]]
name = "libc"
version = "0.2.149"
source = "registry+https://github.com/rust-lang/crates.io-index"
checksum = "a08173bc88b7955d1b3145aa561539096c421ac8debde8cbc3612ec635fee29b"

[[package]]
name = "lock_api"
version = "0.4.7"
source = "registry+https://github.com/rust-lang/crates.io-index"
checksum = "327fa5b6a6940e4699ec49a9beae1ea4845c6bab9314e4f84ac68742139d8c53"
dependencies = [
 "autocfg",
 "scopeguard",
]

[[package]]
name = "log"
version = "0.4.17"
source = "registry+https://github.com/rust-lang/crates.io-index"
checksum = "abb12e687cfb44aa40f41fc3978ef76448f9b6038cad6aef4259d3c095a2382e"
dependencies = [
 "cfg-if",
]

[[package]]
name = "memchr"
version = "2.5.0"
source = "registry+https://github.com/rust-lang/crates.io-index"
checksum = "2dffe52ecf27772e601905b7522cb4ef790d2cc203488bbd0e2fe85fcb74566d"

[[package]]
name = "miniz_oxide"
version = "0.6.2"
source = "registry+https://github.com/rust-lang/crates.io-index"
checksum = "b275950c28b37e794e8c55d88aeb5e139d0ce23fdbbeda68f8d7174abdf9e8fa"
dependencies = [
 "adler",
]

[[package]]
name = "mio"
version = "0.8.9"
source = "registry+https://github.com/rust-lang/crates.io-index"
checksum = "3dce281c5e46beae905d4de1870d8b1509a9142b62eedf18b443b011ca8343d0"
dependencies = [
 "libc",
 "wasi",
 "windows-sys 0.48.0",
]

[[package]]
name = "num-integer"
version = "0.1.45"
source = "registry+https://github.com/rust-lang/crates.io-index"
checksum = "225d3389fb3509a24c93f5c29eb6bde2586b98d9f016636dff58d7c6f7569cd9"
dependencies = [
 "autocfg",
 "num-traits",
]

[[package]]
name = "num-traits"
version = "0.2.15"
source = "registry+https://github.com/rust-lang/crates.io-index"
checksum = "578ede34cf02f8924ab9447f50c28075b4d3e5b269972345e7e0372b38c6cdcd"
dependencies = [
 "autocfg",
]

[[package]]
name = "num_cpus"
version = "1.13.1"
source = "registry+https://github.com/rust-lang/crates.io-index"
checksum = "19e64526ebdee182341572e50e9ad03965aa510cd94427a4549448f285e957a1"
dependencies = [
 "hermit-abi",
 "libc",
]

[[package]]
name = "num_threads"
version = "0.1.6"
source = "registry+https://github.com/rust-lang/crates.io-index"
checksum = "2819ce041d2ee131036f4fc9d6ae7ae125a3a40e97ba64d04fe799ad9dabbb44"
dependencies = [
 "libc",
]

[[package]]
name = "object"
version = "0.30.4"
source = "registry+https://github.com/rust-lang/crates.io-index"
checksum = "03b4680b86d9cfafba8fc491dc9b6df26b68cf40e9e6cd73909194759a63c385"
dependencies = [
 "memchr",
]

[[package]]
name = "once_cell"
version = "1.18.0"
source = "registry+https://github.com/rust-lang/crates.io-index"
checksum = "dd8b5dd2ae5ed71462c540258bedcb51965123ad7e7ccf4b9a8cafaa4a63576d"

[[package]]
name = "openssl-probe"
version = "0.1.5"
source = "registry+https://github.com/rust-lang/crates.io-index"
checksum = "ff011a302c396a5197692431fc1948019154afc178baf7d8e37367442a4601cf"

[[package]]
name = "outref"
version = "0.5.1"
source = "registry+https://github.com/rust-lang/crates.io-index"
checksum = "4030760ffd992bef45b0ae3f10ce1aba99e33464c90d14dd7c039884963ddc7a"

[[package]]
name = "parameter-store-executor"
version = "0.3.31"
dependencies = [
 "aws-config",
 "aws-sdk-ssm",
 "cargo-husky",
 "clap",
 "tokio",
 "tokio-stream",
]

[[package]]
name = "parking_lot"
version = "0.12.1"
source = "registry+https://github.com/rust-lang/crates.io-index"
checksum = "3742b2c103b9f06bc9fff0a37ff4912935851bee6d36f3c02bcc755bcfec228f"
dependencies = [
 "lock_api",
 "parking_lot_core",
]

[[package]]
name = "parking_lot_core"
version = "0.9.3"
source = "registry+https://github.com/rust-lang/crates.io-index"
checksum = "09a279cbf25cb0757810394fbc1e359949b59e348145c643a939a525692e6929"
dependencies = [
 "cfg-if",
 "libc",
 "redox_syscall",
 "smallvec",
 "windows-sys 0.36.1",
]

[[package]]
name = "percent-encoding"
version = "2.2.0"
source = "registry+https://github.com/rust-lang/crates.io-index"
checksum = "478c572c3d73181ff3c2539045f6eb99e5491218eae919370993b890cdbdd98e"

[[package]]
name = "pin-project-lite"
version = "0.2.12"
source = "registry+https://github.com/rust-lang/crates.io-index"
checksum = "12cc1b0bf1727a77a54b6654e7b5f1af8604923edc8b81885f8ec92f9e3f0a05"

[[package]]
name = "pin-utils"
version = "0.1.0"
source = "registry+https://github.com/rust-lang/crates.io-index"
checksum = "8b870d8c151b6f2fb93e84a13146138f05d02ed11c7e7c54f8826aaaf7c9f184"

[[package]]
name = "proc-macro2"
version = "1.0.69"
source = "registry+https://github.com/rust-lang/crates.io-index"
checksum = "134c189feb4956b20f6f547d2cf727d4c0fe06722b20a0eec87ed445a97f92da"
dependencies = [
 "unicode-ident",
]

[[package]]
name = "quote"
version = "1.0.26"
source = "registry+https://github.com/rust-lang/crates.io-index"
checksum = "4424af4bf778aae2051a77b60283332f386554255d722233d09fbfc7e30da2fc"
dependencies = [
 "proc-macro2",
]

[[package]]
name = "redox_syscall"
version = "0.2.13"
source = "registry+https://github.com/rust-lang/crates.io-index"
checksum = "62f25bc4c7e55e0b0b7a1d43fb893f4fa1361d0abe38b9ce4f323c2adfe6ef42"
dependencies = [
 "bitflags",
]

[[package]]
name = "regex"
version = "1.6.0"
source = "registry+https://github.com/rust-lang/crates.io-index"
checksum = "4c4eb3267174b8c6c2f654116623910a0fef09c4753f8dd83db29c48a0df988b"
dependencies = [
 "aho-corasick",
 "memchr",
 "regex-syntax",
]

[[package]]
name = "regex-syntax"
version = "0.6.27"
source = "registry+https://github.com/rust-lang/crates.io-index"
checksum = "a3f87b73ce11b1619a3c6332f45341e0047173771e8b8b73f87bfeefb7b56244"

[[package]]
name = "ring"
version = "0.16.20"
source = "registry+https://github.com/rust-lang/crates.io-index"
checksum = "3053cf52e236a3ed746dfc745aa9cacf1b791d846bdaf412f60a8d7d6e17c8fc"
dependencies = [
 "cc",
 "libc",
 "once_cell",
 "spin 0.5.2",
 "untrusted 0.7.1",
 "web-sys",
 "winapi",
]

[[package]]
name = "ring"
version = "0.17.5"
source = "registry+https://github.com/rust-lang/crates.io-index"
checksum = "fb0205304757e5d899b9c2e448b867ffd03ae7f988002e47cd24954391394d0b"
dependencies = [
 "cc",
 "getrandom",
 "libc",
 "spin 0.9.8",
 "untrusted 0.9.0",
 "windows-sys 0.48.0",
]

[[package]]
name = "rustc-demangle"
version = "0.1.23"
source = "registry+https://github.com/rust-lang/crates.io-index"
checksum = "d626bb9dae77e28219937af045c257c28bfd3f69333c512553507f5f9798cb76"

[[package]]
name = "rustc_version"
version = "0.4.0"
source = "registry+https://github.com/rust-lang/crates.io-index"
checksum = "bfa0f585226d2e68097d4f95d113b15b83a82e819ab25717ec0590d9584ef366"
dependencies = [
 "semver",
]

[[package]]
name = "rustls"
version = "0.21.8"
source = "registry+https://github.com/rust-lang/crates.io-index"
checksum = "446e14c5cda4f3f30fe71863c34ec70f5ac79d6087097ad0bb433e1be5edf04c"
dependencies = [
 "log",
 "ring 0.17.5",
 "rustls-webpki",
 "sct",
]

[[package]]
name = "rustls-native-certs"
version = "0.6.2"
source = "registry+https://github.com/rust-lang/crates.io-index"
checksum = "0167bac7a9f490495f3c33013e7722b53cb087ecbe082fb0c6387c96f634ea50"
dependencies = [
 "openssl-probe",
 "rustls-pemfile",
 "schannel",
 "security-framework",
]

[[package]]
name = "rustls-pemfile"
version = "1.0.1"
source = "registry+https://github.com/rust-lang/crates.io-index"
checksum = "0864aeff53f8c05aa08d86e5ef839d3dfcf07aeba2db32f12db0ef716e87bd55"
dependencies = [
 "base64",
]

[[package]]
name = "rustls-webpki"
version = "0.101.7"
source = "registry+https://github.com/rust-lang/crates.io-index"
checksum = "8b6275d1ee7a1cd780b64aca7726599a1dbc893b1e64144529e55c3c2f745765"
dependencies = [
 "ring 0.17.5",
 "untrusted 0.9.0",
]

[[package]]
name = "ryu"
version = "1.0.10"
source = "registry+https://github.com/rust-lang/crates.io-index"
checksum = "f3f6f92acf49d1b98f7a81226834412ada05458b7364277387724a237f062695"

[[package]]
name = "schannel"
version = "0.1.20"
source = "registry+https://github.com/rust-lang/crates.io-index"
checksum = "88d6731146462ea25d9244b2ed5fd1d716d25c52e4d54aa4fb0f3c4e9854dbe2"
dependencies = [
 "lazy_static",
 "windows-sys 0.36.1",
]

[[package]]
name = "scopeguard"
version = "1.1.0"
source = "registry+https://github.com/rust-lang/crates.io-index"
checksum = "d29ab0c6d3fc0ee92fe66e2d99f700eab17a8d57d1c1d3b748380fb20baa78cd"

[[package]]
name = "sct"
version = "0.7.0"
source = "registry+https://github.com/rust-lang/crates.io-index"
checksum = "d53dcdb7c9f8158937a7981b48accfd39a43af418591a5d008c7b22b5e1b7ca4"
dependencies = [
 "ring 0.16.20",
 "untrusted 0.7.1",
]

[[package]]
name = "security-framework"
version = "2.6.1"
source = "registry+https://github.com/rust-lang/crates.io-index"
checksum = "2dc14f172faf8a0194a3aded622712b0de276821addc574fa54fc0a1167e10dc"
dependencies = [
 "bitflags",
 "core-foundation",
 "core-foundation-sys",
 "libc",
 "security-framework-sys",
]

[[package]]
name = "security-framework-sys"
version = "2.6.1"
source = "registry+https://github.com/rust-lang/crates.io-index"
checksum = "0160a13a177a45bfb43ce71c01580998474f556ad854dcbca936dd2841a5c556"
dependencies = [
 "core-foundation-sys",
 "libc",
]

[[package]]
name = "semver"
version = "1.0.12"
source = "registry+https://github.com/rust-lang/crates.io-index"
checksum = "a2333e6df6d6598f2b1974829f853c2b4c5f4a6e503c10af918081aa6f8564e1"

[[package]]
name = "serde"
version = "1.0.164"
source = "registry+https://github.com/rust-lang/crates.io-index"
checksum = "9e8c8cf938e98f769bc164923b06dce91cea1751522f46f8466461af04c9027d"
dependencies = [
 "serde_derive",
]

[[package]]
name = "serde_derive"
version = "1.0.164"
source = "registry+https://github.com/rust-lang/crates.io-index"
checksum = "d9735b638ccc51c28bf6914d90a2e9725b377144fc612c49a611fddd1b631d68"
dependencies = [
 "proc-macro2",
 "quote",
 "syn 2.0.11",
]

[[package]]
name = "sha2"
version = "0.10.6"
source = "registry+https://github.com/rust-lang/crates.io-index"
checksum = "82e6b795fe2e3b1e845bafcb27aa35405c4d47cdfc92af5fc8d3002f76cebdc0"
dependencies = [
 "cfg-if",
 "cpufeatures",
 "digest",
]

[[package]]
name = "signal-hook-registry"
version = "1.4.0"
source = "registry+https://github.com/rust-lang/crates.io-index"
checksum = "e51e73328dc4ac0c7ccbda3a494dfa03df1de2f46018127f60c693f2648455b0"
dependencies = [
 "libc",
]

[[package]]
name = "slab"
version = "0.4.6"
source = "registry+https://github.com/rust-lang/crates.io-index"
checksum = "eb703cfe953bccee95685111adeedb76fabe4e97549a58d16f03ea7b9367bb32"

[[package]]
name = "smallvec"
version = "1.9.0"
source = "registry+https://github.com/rust-lang/crates.io-index"
checksum = "2fd0db749597d91ff862fd1d55ea87f7855a744a8425a64695b6fca237d1dad1"

[[package]]
name = "socket2"
version = "0.4.9"
source = "registry+https://github.com/rust-lang/crates.io-index"
checksum = "64a4a911eed85daf18834cfaa86a79b7d266ff93ff5ba14005426219480ed662"
dependencies = [
 "libc",
 "winapi",
]

[[package]]
name = "socket2"
version = "0.5.5"
source = "registry+https://github.com/rust-lang/crates.io-index"
checksum = "7b5fac59a5cb5dd637972e5fca70daf0523c9067fcdc4842f053dae04a18f8e9"
dependencies = [
 "libc",
 "windows-sys 0.48.0",
]

[[package]]
name = "spin"
version = "0.5.2"
source = "registry+https://github.com/rust-lang/crates.io-index"
checksum = "6e63cff320ae2c57904679ba7cb63280a3dc4613885beafb148ee7bf9aa9042d"

[[package]]
name = "spin"
version = "0.9.8"
source = "registry+https://github.com/rust-lang/crates.io-index"
checksum = "6980e8d7511241f8acf4aebddbb1ff938df5eebe98691418c4468d0b72a96a67"

[[package]]
name = "strsim"
version = "0.10.0"
source = "registry+https://github.com/rust-lang/crates.io-index"
checksum = "73473c0e59e6d5812c5dfe2a064a6444949f089e20eec9a2e5506596494e4623"

[[package]]
name = "subtle"
version = "2.4.1"
source = "registry+https://github.com/rust-lang/crates.io-index"
checksum = "6bdef32e8150c2a081110b42772ffe7d7c9032b606bc226c8260fd97e0976601"

[[package]]
name = "syn"
version = "1.0.98"
source = "registry+https://github.com/rust-lang/crates.io-index"
checksum = "c50aef8a904de4c23c788f104b7dddc7d6f79c647c7c8ce4cc8f73eb0ca773dd"
dependencies = [
 "proc-macro2",
 "quote",
 "unicode-ident",
]

[[package]]
name = "syn"
version = "2.0.11"
source = "registry+https://github.com/rust-lang/crates.io-index"
checksum = "21e3787bb71465627110e7d87ed4faaa36c1f61042ee67badb9e2ef173accc40"
dependencies = [
 "proc-macro2",
 "quote",
 "unicode-ident",
]

[[package]]
name = "time"
version = "0.3.11"
source = "registry+https://github.com/rust-lang/crates.io-index"
checksum = "72c91f41dcb2f096c05f0873d667dceec1087ce5bcf984ec8ffb19acddbb3217"
dependencies = [
 "libc",
 "num_threads",
]

[[package]]
name = "tokio"
version = "1.35.1"
source = "registry+https://github.com/rust-lang/crates.io-index"
checksum = "c89b4efa943be685f629b149f53829423f8f5531ea21249408e8e2f8671ec104"
dependencies = [
 "backtrace",
 "bytes",
 "libc",
 "mio",
 "num_cpus",
 "parking_lot",
 "pin-project-lite",
 "signal-hook-registry",
 "socket2 0.5.5",
 "tokio-macros",
 "windows-sys 0.48.0",
]

[[package]]
name = "tokio-macros"
version = "2.2.0"
source = "registry+https://github.com/rust-lang/crates.io-index"
checksum = "5b8a1e28f2deaa14e508979454cb3a223b10b938b45af148bc0986de36f1923b"
dependencies = [
 "proc-macro2",
 "quote",
 "syn 2.0.11",
]

[[package]]
name = "tokio-rustls"
version = "0.24.1"
source = "registry+https://github.com/rust-lang/crates.io-index"
checksum = "c28327cf380ac148141087fbfb9de9d7bd4e84ab5d2c28fbc911d753de8a7081"
dependencies = [
 "rustls",
 "tokio",
]

[[package]]
name = "tokio-stream"
version = "0.1.14"
source = "registry+https://github.com/rust-lang/crates.io-index"
checksum = "397c988d37662c7dda6d2208364a706264bf3d6138b11d436cbac0ad38832842"
dependencies = [
 "futures-core",
 "pin-project-lite",
 "tokio",
]

[[package]]
name = "tokio-util"
version = "0.7.3"
source = "registry+https://github.com/rust-lang/crates.io-index"
checksum = "cc463cd8deddc3770d20f9852143d50bf6094e640b485cb2e189a2099085ff45"
dependencies = [
 "bytes",
 "futures-core",
 "futures-sink",
 "pin-project-lite",
 "tokio",
 "tracing",
]

[[package]]
name = "tower-service"
version = "0.3.2"
source = "registry+https://github.com/rust-lang/crates.io-index"
checksum = "b6bc1c9ce2b5135ac7f93c72918fc37feb872bdc6a5533a8b85eb4b86bfdae52"

[[package]]
name = "tracing"
version = "0.1.37"
source = "registry+https://github.com/rust-lang/crates.io-index"
checksum = "8ce8c33a8d48bd45d624a6e523445fd21ec13d3653cd51f681abf67418f54eb8"
dependencies = [
 "cfg-if",
 "pin-project-lite",
 "tracing-attributes",
 "tracing-core",
]

[[package]]
name = "tracing-attributes"
version = "0.1.26"
source = "registry+https://github.com/rust-lang/crates.io-index"
checksum = "5f4f31f56159e98206da9efd823404b79b6ef3143b4a7ab76e67b1751b25a4ab"
dependencies = [
 "proc-macro2",
 "quote",
 "syn 2.0.11",
]

[[package]]
name = "tracing-core"
version = "0.1.31"
source = "registry+https://github.com/rust-lang/crates.io-index"
checksum = "0955b8137a1df6f1a2e9a37d8a6656291ff0297c1a97c24e0d8425fe2312f79a"
dependencies = [
 "once_cell",
]

[[package]]
name = "try-lock"
version = "0.2.3"
source = "registry+https://github.com/rust-lang/crates.io-index"
checksum = "59547bce71d9c38b83d9c0e92b6066c4253371f15005def0c30d9657f50c7642"

[[package]]
name = "typenum"
version = "1.16.0"
source = "registry+https://github.com/rust-lang/crates.io-index"
checksum = "497961ef93d974e23eb6f433eb5fe1b7930b659f06d12dec6fc44a8f554c0bba"

[[package]]
name = "unicode-ident"
version = "1.0.1"
source = "registry+https://github.com/rust-lang/crates.io-index"
checksum = "5bd2fe26506023ed7b5e1e315add59d6f584c621d037f9368fea9cfb988f368c"

[[package]]
name = "untrusted"
version = "0.7.1"
source = "registry+https://github.com/rust-lang/crates.io-index"
checksum = "a156c684c91ea7d62626509bce3cb4e1d9ed5c4d978f7b4352658f96a4c26b4a"

[[package]]
name = "untrusted"
version = "0.9.0"
source = "registry+https://github.com/rust-lang/crates.io-index"
checksum = "8ecb6da28b8a351d773b68d5825ac39017e680750f980f3a1a85cd8dd28a47c1"

[[package]]
name = "urlencoding"
version = "2.1.0"
source = "registry+https://github.com/rust-lang/crates.io-index"
checksum = "68b90931029ab9b034b300b797048cf23723400aa757e8a2bfb9d748102f9821"

[[package]]
name = "utf8parse"
version = "0.2.1"
source = "registry+https://github.com/rust-lang/crates.io-index"
checksum = "711b9620af191e0cdc7468a8d14e709c3dcdb115b36f838e601583af800a370a"

[[package]]
name = "uuid"
version = "1.4.1"
source = "registry+https://github.com/rust-lang/crates.io-index"
checksum = "79daa5ed5740825c40b389c5e50312b9c86df53fccd33f281df655642b43869d"

[[package]]
name = "version_check"
version = "0.9.4"
source = "registry+https://github.com/rust-lang/crates.io-index"
checksum = "49874b5167b65d7193b8aba1567f5c7d93d001cafc34600cee003eda787e483f"

[[package]]
name = "vsimd"
version = "0.8.0"
source = "registry+https://github.com/rust-lang/crates.io-index"
checksum = "5c3082ca00d5a5ef149bb8b555a72ae84c9c59f7250f013ac822ac2e49b19c64"

[[package]]
name = "want"
version = "0.3.0"
source = "registry+https://github.com/rust-lang/crates.io-index"
checksum = "1ce8a968cb1cd110d136ff8b819a556d6fb6d919363c61534f6860c7eb172ba0"
dependencies = [
 "log",
 "try-lock",
]

[[package]]
name = "wasi"
version = "0.11.0+wasi-snapshot-preview1"
source = "registry+https://github.com/rust-lang/crates.io-index"
checksum = "9c8d87e72b64a3b4db28d11ce29237c246188f4f51057d65a7eab63b7987e423"

[[package]]
name = "wasm-bindgen"
version = "0.2.81"
source = "registry+https://github.com/rust-lang/crates.io-index"
checksum = "7c53b543413a17a202f4be280a7e5c62a1c69345f5de525ee64f8cfdbc954994"
dependencies = [
 "cfg-if",
 "wasm-bindgen-macro",
]

[[package]]
name = "wasm-bindgen-backend"
version = "0.2.81"
source = "registry+https://github.com/rust-lang/crates.io-index"
checksum = "5491a68ab4500fa6b4d726bd67408630c3dbe9c4fe7bda16d5c82a1fd8c7340a"
dependencies = [
 "bumpalo",
 "lazy_static",
 "log",
 "proc-macro2",
 "quote",
 "syn 1.0.98",
 "wasm-bindgen-shared",
]

[[package]]
name = "wasm-bindgen-macro"
version = "0.2.81"
source = "registry+https://github.com/rust-lang/crates.io-index"
checksum = "c441e177922bc58f1e12c022624b6216378e5febc2f0533e41ba443d505b80aa"
dependencies = [
 "quote",
 "wasm-bindgen-macro-support",
]

[[package]]
name = "wasm-bindgen-macro-support"
version = "0.2.81"
source = "registry+https://github.com/rust-lang/crates.io-index"
checksum = "7d94ac45fcf608c1f45ef53e748d35660f168490c10b23704c7779ab8f5c3048"
dependencies = [
 "proc-macro2",
 "quote",
 "syn 1.0.98",
 "wasm-bindgen-backend",
 "wasm-bindgen-shared",
]

[[package]]
name = "wasm-bindgen-shared"
version = "0.2.81"
source = "registry+https://github.com/rust-lang/crates.io-index"
checksum = "6a89911bd99e5f3659ec4acf9c4d93b0a90fe4a2a11f15328472058edc5261be"

[[package]]
name = "web-sys"
version = "0.3.58"
source = "registry+https://github.com/rust-lang/crates.io-index"
checksum = "2fed94beee57daf8dd7d51f2b15dc2bcde92d7a72304cdf662a4371008b71b90"
dependencies = [
 "js-sys",
 "wasm-bindgen",
]

[[package]]
name = "winapi"
version = "0.3.9"
source = "registry+https://github.com/rust-lang/crates.io-index"
checksum = "5c839a674fcd7a98952e593242ea400abe93992746761e38641405d28b00f419"
dependencies = [
 "winapi-i686-pc-windows-gnu",
 "winapi-x86_64-pc-windows-gnu",
]

[[package]]
name = "winapi-i686-pc-windows-gnu"
version = "0.4.0"
source = "registry+https://github.com/rust-lang/crates.io-index"
checksum = "ac3b87c63620426dd9b991e5ce0329eff545bccbbb34f3be09ff6fb6ab51b7b6"

[[package]]
name = "winapi-x86_64-pc-windows-gnu"
version = "0.4.0"
source = "registry+https://github.com/rust-lang/crates.io-index"
checksum = "712e227841d057c1ee1cd2fb22fa7e5a5461ae8e48fa2ca79ec42cfc1931183f"

[[package]]
name = "windows-sys"
version = "0.36.1"
source = "registry+https://github.com/rust-lang/crates.io-index"
checksum = "ea04155a16a59f9eab786fe12a4a450e75cdb175f9e0d80da1e17db09f55b8d2"
dependencies = [
 "windows_aarch64_msvc 0.36.1",
 "windows_i686_gnu 0.36.1",
 "windows_i686_msvc 0.36.1",
 "windows_x86_64_gnu 0.36.1",
 "windows_x86_64_msvc 0.36.1",
]

[[package]]
name = "windows-sys"
version = "0.48.0"
source = "registry+https://github.com/rust-lang/crates.io-index"
checksum = "677d2418bec65e3338edb076e806bc1ec15693c5d0104683f2efe857f61056a9"
dependencies = [
 "windows-targets",
]

[[package]]
name = "windows-targets"
version = "0.48.0"
source = "registry+https://github.com/rust-lang/crates.io-index"
checksum = "7b1eb6f0cd7c80c79759c929114ef071b87354ce476d9d94271031c0497adfd5"
dependencies = [
 "windows_aarch64_gnullvm",
 "windows_aarch64_msvc 0.48.0",
 "windows_i686_gnu 0.48.0",
 "windows_i686_msvc 0.48.0",
 "windows_x86_64_gnu 0.48.0",
 "windows_x86_64_gnullvm",
 "windows_x86_64_msvc 0.48.0",
]

[[package]]
name = "windows_aarch64_gnullvm"
version = "0.48.0"
source = "registry+https://github.com/rust-lang/crates.io-index"
checksum = "91ae572e1b79dba883e0d315474df7305d12f569b400fcf90581b06062f7e1bc"

[[package]]
name = "windows_aarch64_msvc"
version = "0.36.1"
source = "registry+https://github.com/rust-lang/crates.io-index"
checksum = "9bb8c3fd39ade2d67e9874ac4f3db21f0d710bee00fe7cab16949ec184eeaa47"

[[package]]
name = "windows_aarch64_msvc"
version = "0.48.0"
source = "registry+https://github.com/rust-lang/crates.io-index"
checksum = "b2ef27e0d7bdfcfc7b868b317c1d32c641a6fe4629c171b8928c7b08d98d7cf3"

[[package]]
name = "windows_i686_gnu"
version = "0.36.1"
source = "registry+https://github.com/rust-lang/crates.io-index"
checksum = "180e6ccf01daf4c426b846dfc66db1fc518f074baa793aa7d9b9aaeffad6a3b6"

[[package]]
name = "windows_i686_gnu"
version = "0.48.0"
source = "registry+https://github.com/rust-lang/crates.io-index"
checksum = "622a1962a7db830d6fd0a69683c80a18fda201879f0f447f065a3b7467daa241"

[[package]]
name = "windows_i686_msvc"
version = "0.36.1"
source = "registry+https://github.com/rust-lang/crates.io-index"
checksum = "e2e7917148b2812d1eeafaeb22a97e4813dfa60a3f8f78ebe204bcc88f12f024"

[[package]]
name = "windows_i686_msvc"
version = "0.48.0"
source = "registry+https://github.com/rust-lang/crates.io-index"
checksum = "4542c6e364ce21bf45d69fdd2a8e455fa38d316158cfd43b3ac1c5b1b19f8e00"

[[package]]
name = "windows_x86_64_gnu"
version = "0.36.1"
source = "registry+https://github.com/rust-lang/crates.io-index"
checksum = "4dcd171b8776c41b97521e5da127a2d86ad280114807d0b2ab1e462bc764d9e1"

[[package]]
name = "windows_x86_64_gnu"
version = "0.48.0"
source = "registry+https://github.com/rust-lang/crates.io-index"
checksum = "ca2b8a661f7628cbd23440e50b05d705db3686f894fc9580820623656af974b1"

[[package]]
name = "windows_x86_64_gnullvm"
version = "0.48.0"
source = "registry+https://github.com/rust-lang/crates.io-index"
checksum = "7896dbc1f41e08872e9d5e8f8baa8fdd2677f29468c4e156210174edc7f7b953"

[[package]]
name = "windows_x86_64_msvc"
version = "0.36.1"
source = "registry+https://github.com/rust-lang/crates.io-index"
checksum = "c811ca4a8c853ef420abd8592ba53ddbbac90410fab6903b3e79972a631f7680"

[[package]]
name = "windows_x86_64_msvc"
version = "0.48.0"
source = "registry+https://github.com/rust-lang/crates.io-index"
checksum = "1a515f5799fe4961cb532f983ce2b23082366b898e52ffbce459c86f67c8378a"

[[package]]
name = "xmlparser"
version = "0.13.5"
source = "registry+https://github.com/rust-lang/crates.io-index"
checksum = "4d25c75bf9ea12c4040a97f829154768bbbce366287e2dc044af160cd79a13fd"

[[package]]
name = "zeroize"
version = "1.5.6"
source = "registry+https://github.com/rust-lang/crates.io-index"
checksum = "20b578acffd8516a6c3f2a1bdefc1ec37e547bb4e0fb8b6b01a4cafc886b4442"
